// !$*UTF8*$!
{
	archiveVersion = 1;
	classes = {
	};
	objectVersion = 46;
	objects = {

/* Begin PBXBuildFile section */
		2C84842442CC8959FEC6F75B /* Pods_Social_With_Me.framework in Frameworks */ = {isa = PBXBuildFile; fileRef = 6DBC0F45D801D27326AAE1D7 /* Pods_Social_With_Me.framework */; };
		753990791C42648600C3BA4D /* AppDelegate.swift in Sources */ = {isa = PBXBuildFile; fileRef = 753990781C42648600C3BA4D /* AppDelegate.swift */; };
		7539907B1C42648600C3BA4D /* ViewController.swift in Sources */ = {isa = PBXBuildFile; fileRef = 7539907A1C42648600C3BA4D /* ViewController.swift */; };
		7539907E1C42648600C3BA4D /* Main.storyboard in Resources */ = {isa = PBXBuildFile; fileRef = 7539907C1C42648600C3BA4D /* Main.storyboard */; };
		753990801C42648600C3BA4D /* Assets.xcassets in Resources */ = {isa = PBXBuildFile; fileRef = 7539907F1C42648600C3BA4D /* Assets.xcassets */; };
		753990831C42648600C3BA4D /* LaunchScreen.storyboard in Resources */ = {isa = PBXBuildFile; fileRef = 753990811C42648600C3BA4D /* LaunchScreen.storyboard */; };
		753990A01C42656200C3BA4D /* Roboto-Black.ttf in Resources */ = {isa = PBXBuildFile; fileRef = 7539908E1C42650C00C3BA4D /* Roboto-Black.ttf */; };
		753990A11C42656200C3BA4D /* Roboto-BlackItalic.ttf in Resources */ = {isa = PBXBuildFile; fileRef = 7539908F1C42650C00C3BA4D /* Roboto-BlackItalic.ttf */; };
		753990A21C42656200C3BA4D /* Roboto-Bold.ttf in Resources */ = {isa = PBXBuildFile; fileRef = 753990901C42650C00C3BA4D /* Roboto-Bold.ttf */; };
		753990A31C42656200C3BA4D /* Roboto-BoldItalic.ttf in Resources */ = {isa = PBXBuildFile; fileRef = 753990911C42650C00C3BA4D /* Roboto-BoldItalic.ttf */; };
		753990A41C42656200C3BA4D /* Roboto-Italic.ttf in Resources */ = {isa = PBXBuildFile; fileRef = 753990921C42650C00C3BA4D /* Roboto-Italic.ttf */; };
		753990A51C42656200C3BA4D /* Roboto-Light.ttf in Resources */ = {isa = PBXBuildFile; fileRef = 753990931C42650C00C3BA4D /* Roboto-Light.ttf */; };
		753990A61C42656200C3BA4D /* Roboto-LightItalic.ttf in Resources */ = {isa = PBXBuildFile; fileRef = 753990941C42650C00C3BA4D /* Roboto-LightItalic.ttf */; };
		753990A71C42656200C3BA4D /* Roboto-Medium.ttf in Resources */ = {isa = PBXBuildFile; fileRef = 753990951C42650C00C3BA4D /* Roboto-Medium.ttf */; };
		753990A81C42656200C3BA4D /* Roboto-MediumItalic.ttf in Resources */ = {isa = PBXBuildFile; fileRef = 753990961C42650C00C3BA4D /* Roboto-MediumItalic.ttf */; };
		753990A91C42656200C3BA4D /* Roboto-Regular.ttf in Resources */ = {isa = PBXBuildFile; fileRef = 753990971C42650C00C3BA4D /* Roboto-Regular.ttf */; };
		753990AA1C42656200C3BA4D /* Roboto-Thin.ttf in Resources */ = {isa = PBXBuildFile; fileRef = 753990981C42650C00C3BA4D /* Roboto-Thin.ttf */; };
		753990AB1C42656200C3BA4D /* Roboto-ThinItalic.ttf in Resources */ = {isa = PBXBuildFile; fileRef = 753990991C42650C00C3BA4D /* Roboto-ThinItalic.ttf */; };
		753990AC1C42656200C3BA4D /* RobotoCondensed-Bold.ttf in Resources */ = {isa = PBXBuildFile; fileRef = 7539909A1C42650C00C3BA4D /* RobotoCondensed-Bold.ttf */; };
		753990AD1C42656200C3BA4D /* RobotoCondensed-BoldItalic.ttf in Resources */ = {isa = PBXBuildFile; fileRef = 7539909B1C42650C00C3BA4D /* RobotoCondensed-BoldItalic.ttf */; };
		753990AE1C42656200C3BA4D /* RobotoCondensed-Italic.ttf in Resources */ = {isa = PBXBuildFile; fileRef = 7539909C1C42650C00C3BA4D /* RobotoCondensed-Italic.ttf */; };
		753990AF1C42656200C3BA4D /* RobotoCondensed-Light.ttf in Resources */ = {isa = PBXBuildFile; fileRef = 7539909D1C42650C00C3BA4D /* RobotoCondensed-Light.ttf */; };
		753990B01C42656200C3BA4D /* RobotoCondensed-LightItalic.ttf in Resources */ = {isa = PBXBuildFile; fileRef = 7539909E1C42650C00C3BA4D /* RobotoCondensed-LightItalic.ttf */; };
		753990B11C42656200C3BA4D /* RobotoCondensed-Regular.ttf in Resources */ = {isa = PBXBuildFile; fileRef = 7539909F1C42650C00C3BA4D /* RobotoCondensed-Regular.ttf */; };
		753990B31C4267E500C3BA4D /* MaterialDesignView.swift in Sources */ = {isa = PBXBuildFile; fileRef = 753990B21C4267E500C3BA4D /* MaterialDesignView.swift */; };
		753990B61C42683200C3BA4D /* Constants.swift in Sources */ = {isa = PBXBuildFile; fileRef = 753990B51C42683200C3BA4D /* Constants.swift */; };
		753990B81C426BDD00C3BA4D /* MaterialDesignButton.swift in Sources */ = {isa = PBXBuildFile; fileRef = 753990B71C426BDD00C3BA4D /* MaterialDesignButton.swift */; };
		753990BA1C426EC800C3BA4D /* MaterialDesignTextField.swift in Sources */ = {isa = PBXBuildFile; fileRef = 753990B91C426EC800C3BA4D /* MaterialDesignTextField.swift */; };
		753990BF1C42744E00C3BA4D /* FBSDKCoreKit.framework in Frameworks */ = {isa = PBXBuildFile; fileRef = 753990BC1C42744E00C3BA4D /* FBSDKCoreKit.framework */; };
		753990C01C42744E00C3BA4D /* FBSDKLoginKit.framework in Frameworks */ = {isa = PBXBuildFile; fileRef = 753990BD1C42744E00C3BA4D /* FBSDKLoginKit.framework */; };
		753990C11C42744E00C3BA4D /* Bolts.framework in Frameworks */ = {isa = PBXBuildFile; fileRef = 753990BE1C42744E00C3BA4D /* Bolts.framework */; };
		753990C61C427D7000C3BA4D /* DataService.swift in Sources */ = {isa = PBXBuildFile; fileRef = 753990C51C427D7000C3BA4D /* DataService.swift */; };
		753990CA1C4281B500C3BA4D /* Firebase.framework in Frameworks */ = {isa = PBXBuildFile; fileRef = 753990C91C4281B500C3BA4D /* Firebase.framework */; };
/* End PBXBuildFile section */

/* Begin PBXFileReference section */
		169937B1EDD515E0B738622C /* Pods-Social-With-Me.release.xcconfig */ = {isa = PBXFileReference; includeInIndex = 1; lastKnownFileType = text.xcconfig; name = "Pods-Social-With-Me.release.xcconfig"; path = "Pods/Target Support Files/Pods-Social-With-Me/Pods-Social-With-Me.release.xcconfig"; sourceTree = "<group>"; };
		6DBC0F45D801D27326AAE1D7 /* Pods_Social_With_Me.framework */ = {isa = PBXFileReference; explicitFileType = wrapper.framework; includeInIndex = 0; path = Pods_Social_With_Me.framework; sourceTree = BUILT_PRODUCTS_DIR; };
		753990751C42648600C3BA4D /* Social-With-Me.app */ = {isa = PBXFileReference; explicitFileType = wrapper.application; includeInIndex = 0; path = "Social-With-Me.app"; sourceTree = BUILT_PRODUCTS_DIR; };
		753990781C42648600C3BA4D /* AppDelegate.swift */ = {isa = PBXFileReference; lastKnownFileType = sourcecode.swift; path = AppDelegate.swift; sourceTree = "<group>"; };
		7539907A1C42648600C3BA4D /* ViewController.swift */ = {isa = PBXFileReference; lastKnownFileType = sourcecode.swift; path = ViewController.swift; sourceTree = "<group>"; };
		7539907D1C42648600C3BA4D /* Base */ = {isa = PBXFileReference; lastKnownFileType = file.storyboard; name = Base; path = Base.lproj/Main.storyboard; sourceTree = "<group>"; };
		7539907F1C42648600C3BA4D /* Assets.xcassets */ = {isa = PBXFileReference; lastKnownFileType = folder.assetcatalog; path = Assets.xcassets; sourceTree = "<group>"; };
		753990821C42648600C3BA4D /* Base */ = {isa = PBXFileReference; lastKnownFileType = file.storyboard; name = Base; path = Base.lproj/LaunchScreen.storyboard; sourceTree = "<group>"; };
		753990841C42648600C3BA4D /* Info.plist */ = {isa = PBXFileReference; lastKnownFileType = text.plist.xml; path = Info.plist; sourceTree = "<group>"; };
		7539908E1C42650C00C3BA4D /* Roboto-Black.ttf */ = {isa = PBXFileReference; lastKnownFileType = file; path = "Roboto-Black.ttf"; sourceTree = "<group>"; };
		7539908F1C42650C00C3BA4D /* Roboto-BlackItalic.ttf */ = {isa = PBXFileReference; lastKnownFileType = file; path = "Roboto-BlackItalic.ttf"; sourceTree = "<group>"; };
		753990901C42650C00C3BA4D /* Roboto-Bold.ttf */ = {isa = PBXFileReference; lastKnownFileType = file; path = "Roboto-Bold.ttf"; sourceTree = "<group>"; };
		753990911C42650C00C3BA4D /* Roboto-BoldItalic.ttf */ = {isa = PBXFileReference; lastKnownFileType = file; path = "Roboto-BoldItalic.ttf"; sourceTree = "<group>"; };
		753990921C42650C00C3BA4D /* Roboto-Italic.ttf */ = {isa = PBXFileReference; lastKnownFileType = file; path = "Roboto-Italic.ttf"; sourceTree = "<group>"; };
		753990931C42650C00C3BA4D /* Roboto-Light.ttf */ = {isa = PBXFileReference; lastKnownFileType = file; path = "Roboto-Light.ttf"; sourceTree = "<group>"; };
		753990941C42650C00C3BA4D /* Roboto-LightItalic.ttf */ = {isa = PBXFileReference; lastKnownFileType = file; path = "Roboto-LightItalic.ttf"; sourceTree = "<group>"; };
		753990951C42650C00C3BA4D /* Roboto-Medium.ttf */ = {isa = PBXFileReference; lastKnownFileType = file; path = "Roboto-Medium.ttf"; sourceTree = "<group>"; };
		753990961C42650C00C3BA4D /* Roboto-MediumItalic.ttf */ = {isa = PBXFileReference; lastKnownFileType = file; path = "Roboto-MediumItalic.ttf"; sourceTree = "<group>"; };
		753990971C42650C00C3BA4D /* Roboto-Regular.ttf */ = {isa = PBXFileReference; lastKnownFileType = file; path = "Roboto-Regular.ttf"; sourceTree = "<group>"; };
		753990981C42650C00C3BA4D /* Roboto-Thin.ttf */ = {isa = PBXFileReference; lastKnownFileType = file; path = "Roboto-Thin.ttf"; sourceTree = "<group>"; };
		753990991C42650C00C3BA4D /* Roboto-ThinItalic.ttf */ = {isa = PBXFileReference; lastKnownFileType = file; path = "Roboto-ThinItalic.ttf"; sourceTree = "<group>"; };
		7539909A1C42650C00C3BA4D /* RobotoCondensed-Bold.ttf */ = {isa = PBXFileReference; lastKnownFileType = file; path = "RobotoCondensed-Bold.ttf"; sourceTree = "<group>"; };
		7539909B1C42650C00C3BA4D /* RobotoCondensed-BoldItalic.ttf */ = {isa = PBXFileReference; lastKnownFileType = file; path = "RobotoCondensed-BoldItalic.ttf"; sourceTree = "<group>"; };
		7539909C1C42650C00C3BA4D /* RobotoCondensed-Italic.ttf */ = {isa = PBXFileReference; lastKnownFileType = file; path = "RobotoCondensed-Italic.ttf"; sourceTree = "<group>"; };
		7539909D1C42650C00C3BA4D /* RobotoCondensed-Light.ttf */ = {isa = PBXFileReference; lastKnownFileType = file; path = "RobotoCondensed-Light.ttf"; sourceTree = "<group>"; };
		7539909E1C42650C00C3BA4D /* RobotoCondensed-LightItalic.ttf */ = {isa = PBXFileReference; lastKnownFileType = file; path = "RobotoCondensed-LightItalic.ttf"; sourceTree = "<group>"; };
		7539909F1C42650C00C3BA4D /* RobotoCondensed-Regular.ttf */ = {isa = PBXFileReference; lastKnownFileType = file; path = "RobotoCondensed-Regular.ttf"; sourceTree = "<group>"; };
		753990B21C4267E500C3BA4D /* MaterialDesignView.swift */ = {isa = PBXFileReference; fileEncoding = 4; lastKnownFileType = sourcecode.swift; path = MaterialDesignView.swift; sourceTree = "<group>"; };
		753990B51C42683200C3BA4D /* Constants.swift */ = {isa = PBXFileReference; fileEncoding = 4; lastKnownFileType = sourcecode.swift; path = Constants.swift; sourceTree = "<group>"; };
		753990B71C426BDD00C3BA4D /* MaterialDesignButton.swift */ = {isa = PBXFileReference; fileEncoding = 4; lastKnownFileType = sourcecode.swift; path = MaterialDesignButton.swift; sourceTree = "<group>"; };
		753990B91C426EC800C3BA4D /* MaterialDesignTextField.swift */ = {isa = PBXFileReference; fileEncoding = 4; lastKnownFileType = sourcecode.swift; path = MaterialDesignTextField.swift; sourceTree = "<group>"; };
		753990BC1C42744E00C3BA4D /* FBSDKCoreKit.framework */ = {isa = PBXFileReference; lastKnownFileType = wrapper.framework; path = FBSDKCoreKit.framework; sourceTree = "<group>"; };
		753990BD1C42744E00C3BA4D /* FBSDKLoginKit.framework */ = {isa = PBXFileReference; lastKnownFileType = wrapper.framework; path = FBSDKLoginKit.framework; sourceTree = "<group>"; };
		753990BE1C42744E00C3BA4D /* Bolts.framework */ = {isa = PBXFileReference; lastKnownFileType = wrapper.framework; path = Bolts.framework; sourceTree = "<group>"; };
		753990C51C427D7000C3BA4D /* DataService.swift */ = {isa = PBXFileReference; fileEncoding = 4; lastKnownFileType = sourcecode.swift; path = DataService.swift; sourceTree = "<group>"; };
		753990C91C4281B500C3BA4D /* Firebase.framework */ = {isa = PBXFileReference; lastKnownFileType = wrapper.framework; name = Firebase.framework; path = "Pods/../build/Debug-iphoneos/Firebase.framework"; sourceTree = "<group>"; };
		ED6E13294985F0AFDA55572E /* Pods-Social-With-Me.debug.xcconfig */ = {isa = PBXFileReference; includeInIndex = 1; lastKnownFileType = text.xcconfig; name = "Pods-Social-With-Me.debug.xcconfig"; path = "Pods/Target Support Files/Pods-Social-With-Me/Pods-Social-With-Me.debug.xcconfig"; sourceTree = "<group>"; };
/* End PBXFileReference section */

/* Begin PBXFrameworksBuildPhase section */
		753990721C42648600C3BA4D /* Frameworks */ = {
			isa = PBXFrameworksBuildPhase;
			buildActionMask = 2147483647;
			files = (
				753990CA1C4281B500C3BA4D /* Firebase.framework in Frameworks */,
				753990C11C42744E00C3BA4D /* Bolts.framework in Frameworks */,
				753990C01C42744E00C3BA4D /* FBSDKLoginKit.framework in Frameworks */,
				753990BF1C42744E00C3BA4D /* FBSDKCoreKit.framework in Frameworks */,
				2C84842442CC8959FEC6F75B /* Pods_Social_With_Me.framework in Frameworks */,
			);
			runOnlyForDeploymentPostprocessing = 0;
		};
/* End PBXFrameworksBuildPhase section */

/* Begin PBXGroup section */
		4C9924442698F625EEFA2B41 /* Frameworks */ = {
			isa = PBXGroup;
			children = (
				753990C91C4281B500C3BA4D /* Firebase.framework */,
				6DBC0F45D801D27326AAE1D7 /* Pods_Social_With_Me.framework */,
			);
			name = Frameworks;
			sourceTree = "<group>";
		};
		509D0A54179C25C6EE147880 /* Pods */ = {
			isa = PBXGroup;
			children = (
				ED6E13294985F0AFDA55572E /* Pods-Social-With-Me.debug.xcconfig */,
				169937B1EDD515E0B738622C /* Pods-Social-With-Me.release.xcconfig */,
			);
			name = Pods;
			sourceTree = "<group>";
		};
		7539906C1C42648600C3BA4D = {
			isa = PBXGroup;
			children = (
				753990771C42648600C3BA4D /* Social-With-Me */,
				753990761C42648600C3BA4D /* Products */,
				509D0A54179C25C6EE147880 /* Pods */,
				4C9924442698F625EEFA2B41 /* Frameworks */,
			);
			sourceTree = "<group>";
		};
		753990761C42648600C3BA4D /* Products */ = {
			isa = PBXGroup;
			children = (
				753990751C42648600C3BA4D /* Social-With-Me.app */,
			);
			name = Products;
			sourceTree = "<group>";
		};
		753990771C42648600C3BA4D /* Social-With-Me */ = {
			isa = PBXGroup;
			children = (
				753990C21C427C9D00C3BA4D /* Services */,
				753990BB1C42741D00C3BA4D /* Frameworks */,
				753990B41C42682500C3BA4D /* Util */,
				7539908D1C4264C700C3BA4D /* Resources */,
				7539908C1C4264BD00C3BA4D /* Model */,
				7539908A1C42648D00C3BA4D /* View */,
				7539908B1C4264A500C3BA4D /* Controllers */,
				753990781C42648600C3BA4D /* AppDelegate.swift */,
				7539907A1C42648600C3BA4D /* ViewController.swift */,
				7539907C1C42648600C3BA4D /* Main.storyboard */,
				7539907F1C42648600C3BA4D /* Assets.xcassets */,
				753990811C42648600C3BA4D /* LaunchScreen.storyboard */,
				753990841C42648600C3BA4D /* Info.plist */,
			);
			path = "Social-With-Me";
			sourceTree = "<group>";
		};
		7539908A1C42648D00C3BA4D /* View */ = {
			isa = PBXGroup;
			children = (
				753990B21C4267E500C3BA4D /* MaterialDesignView.swift */,
				753990B71C426BDD00C3BA4D /* MaterialDesignButton.swift */,
				753990B91C426EC800C3BA4D /* MaterialDesignTextField.swift */,
			);
			name = View;
			sourceTree = "<group>";
		};
		7539908B1C4264A500C3BA4D /* Controllers */ = {
			isa = PBXGroup;
			children = (
			);
			name = Controllers;
			sourceTree = "<group>";
		};
		7539908C1C4264BD00C3BA4D /* Model */ = {
			isa = PBXGroup;
			children = (
			);
			name = Model;
			sourceTree = "<group>";
		};
		7539908D1C4264C700C3BA4D /* Resources */ = {
			isa = PBXGroup;
			children = (
				7539908E1C42650C00C3BA4D /* Roboto-Black.ttf */,
				7539908F1C42650C00C3BA4D /* Roboto-BlackItalic.ttf */,
				753990901C42650C00C3BA4D /* Roboto-Bold.ttf */,
				753990911C42650C00C3BA4D /* Roboto-BoldItalic.ttf */,
				753990921C42650C00C3BA4D /* Roboto-Italic.ttf */,
				753990931C42650C00C3BA4D /* Roboto-Light.ttf */,
				753990941C42650C00C3BA4D /* Roboto-LightItalic.ttf */,
				753990951C42650C00C3BA4D /* Roboto-Medium.ttf */,
				753990961C42650C00C3BA4D /* Roboto-MediumItalic.ttf */,
				753990971C42650C00C3BA4D /* Roboto-Regular.ttf */,
				753990981C42650C00C3BA4D /* Roboto-Thin.ttf */,
				753990991C42650C00C3BA4D /* Roboto-ThinItalic.ttf */,
				7539909A1C42650C00C3BA4D /* RobotoCondensed-Bold.ttf */,
				7539909B1C42650C00C3BA4D /* RobotoCondensed-BoldItalic.ttf */,
				7539909C1C42650C00C3BA4D /* RobotoCondensed-Italic.ttf */,
				7539909D1C42650C00C3BA4D /* RobotoCondensed-Light.ttf */,
				7539909E1C42650C00C3BA4D /* RobotoCondensed-LightItalic.ttf */,
				7539909F1C42650C00C3BA4D /* RobotoCondensed-Regular.ttf */,
			);
			name = Resources;
			sourceTree = "<group>";
		};
		753990B41C42682500C3BA4D /* Util */ = {
			isa = PBXGroup;
			children = (
				753990B51C42683200C3BA4D /* Constants.swift */,
			);
			name = Util;
			sourceTree = "<group>";
		};
		753990BB1C42741D00C3BA4D /* Frameworks */ = {
			isa = PBXGroup;
			children = (
				753990BC1C42744E00C3BA4D /* FBSDKCoreKit.framework */,
				753990BD1C42744E00C3BA4D /* FBSDKLoginKit.framework */,
				753990BE1C42744E00C3BA4D /* Bolts.framework */,
			);
			name = Frameworks;
			sourceTree = "<group>";
		};
		753990C21C427C9D00C3BA4D /* Services */ = {
			isa = PBXGroup;
			children = (
				753990C51C427D7000C3BA4D /* DataService.swift */,
			);
			name = Services;
			sourceTree = "<group>";
		};
/* End PBXGroup section */

/* Begin PBXNativeTarget section */
		753990741C42648600C3BA4D /* Social-With-Me */ = {
			isa = PBXNativeTarget;
			buildConfigurationList = 753990871C42648600C3BA4D /* Build configuration list for PBXNativeTarget "Social-With-Me" */;
			buildPhases = (
				EC24AFF0BC444FD6505965ED /* Check Pods Manifest.lock */,
				753990711C42648600C3BA4D /* Sources */,
				753990721C42648600C3BA4D /* Frameworks */,
				753990731C42648600C3BA4D /* Resources */,
				1807F33DFD8EA4EB7614074D /* Embed Pods Frameworks */,
				1DDC754352404E5E2FF5B346 /* Copy Pods Resources */,
			);
			buildRules = (
			);
			dependencies = (
			);
			name = "Social-With-Me";
			productName = "Social-With-Me";
			productReference = 753990751C42648600C3BA4D /* Social-With-Me.app */;
			productType = "com.apple.product-type.application";
		};
/* End PBXNativeTarget section */

/* Begin PBXProject section */
		7539906D1C42648600C3BA4D /* Project object */ = {
			isa = PBXProject;
			attributes = {
				LastSwiftUpdateCheck = 0720;
				LastUpgradeCheck = 0720;
				ORGANIZATIONNAME = "Vincent Chau";
				TargetAttributes = {
					753990741C42648600C3BA4D = {
						CreatedOnToolsVersion = 7.2;
					};
				};
			};
			buildConfigurationList = 753990701C42648600C3BA4D /* Build configuration list for PBXProject "Social-With-Me" */;
			compatibilityVersion = "Xcode 3.2";
			developmentRegion = English;
			hasScannedForEncodings = 0;
			knownRegions = (
				en,
				Base,
			);
			mainGroup = 7539906C1C42648600C3BA4D;
			productRefGroup = 753990761C42648600C3BA4D /* Products */;
			projectDirPath = "";
			projectRoot = "";
			targets = (
				753990741C42648600C3BA4D /* Social-With-Me */,
			);
		};
/* End PBXProject section */

/* Begin PBXResourcesBuildPhase section */
		753990731C42648600C3BA4D /* Resources */ = {
			isa = PBXResourcesBuildPhase;
			buildActionMask = 2147483647;
			files = (
				753990A01C42656200C3BA4D /* Roboto-Black.ttf in Resources */,
				753990A11C42656200C3BA4D /* Roboto-BlackItalic.ttf in Resources */,
				753990A21C42656200C3BA4D /* Roboto-Bold.ttf in Resources */,
				753990A31C42656200C3BA4D /* Roboto-BoldItalic.ttf in Resources */,
				753990A41C42656200C3BA4D /* Roboto-Italic.ttf in Resources */,
				753990A51C42656200C3BA4D /* Roboto-Light.ttf in Resources */,
				753990A61C42656200C3BA4D /* Roboto-LightItalic.ttf in Resources */,
				753990A71C42656200C3BA4D /* Roboto-Medium.ttf in Resources */,
				753990A81C42656200C3BA4D /* Roboto-MediumItalic.ttf in Resources */,
				753990A91C42656200C3BA4D /* Roboto-Regular.ttf in Resources */,
				753990AA1C42656200C3BA4D /* Roboto-Thin.ttf in Resources */,
				753990AB1C42656200C3BA4D /* Roboto-ThinItalic.ttf in Resources */,
				753990AC1C42656200C3BA4D /* RobotoCondensed-Bold.ttf in Resources */,
				753990AD1C42656200C3BA4D /* RobotoCondensed-BoldItalic.ttf in Resources */,
				753990AE1C42656200C3BA4D /* RobotoCondensed-Italic.ttf in Resources */,
				753990AF1C42656200C3BA4D /* RobotoCondensed-Light.ttf in Resources */,
				753990B01C42656200C3BA4D /* RobotoCondensed-LightItalic.ttf in Resources */,
				753990B11C42656200C3BA4D /* RobotoCondensed-Regular.ttf in Resources */,
				753990831C42648600C3BA4D /* LaunchScreen.storyboard in Resources */,
				753990801C42648600C3BA4D /* Assets.xcassets in Resources */,
				7539907E1C42648600C3BA4D /* Main.storyboard in Resources */,
			);
			runOnlyForDeploymentPostprocessing = 0;
		};
/* End PBXResourcesBuildPhase section */

/* Begin PBXShellScriptBuildPhase section */
		1807F33DFD8EA4EB7614074D /* Embed Pods Frameworks */ = {
			isa = PBXShellScriptBuildPhase;
			buildActionMask = 2147483647;
			files = (
			);
			inputPaths = (
			);
			name = "Embed Pods Frameworks";
			outputPaths = (
			);
			runOnlyForDeploymentPostprocessing = 0;
			shellPath = /bin/sh;
			shellScript = "\"${SRCROOT}/Pods/Target Support Files/Pods-Social-With-Me/Pods-Social-With-Me-frameworks.sh\"\n";
			showEnvVarsInLog = 0;
		};
		1DDC754352404E5E2FF5B346 /* Copy Pods Resources */ = {
			isa = PBXShellScriptBuildPhase;
			buildActionMask = 2147483647;
			files = (
			);
			inputPaths = (
			);
			name = "Copy Pods Resources";
			outputPaths = (
			);
			runOnlyForDeploymentPostprocessing = 0;
			shellPath = /bin/sh;
			shellScript = "\"${SRCROOT}/Pods/Target Support Files/Pods-Social-With-Me/Pods-Social-With-Me-resources.sh\"\n";
			showEnvVarsInLog = 0;
		};
		EC24AFF0BC444FD6505965ED /* Check Pods Manifest.lock */ = {
			isa = PBXShellScriptBuildPhase;
			buildActionMask = 2147483647;
			files = (
			);
			inputPaths = (
			);
			name = "Check Pods Manifest.lock";
			outputPaths = (
			);
			runOnlyForDeploymentPostprocessing = 0;
			shellPath = /bin/sh;
			shellScript = "diff \"${PODS_ROOT}/../Podfile.lock\" \"${PODS_ROOT}/Manifest.lock\" > /dev/null\nif [[ $? != 0 ]] ; then\n    cat << EOM\nerror: The sandbox is not in sync with the Podfile.lock. Run 'pod install' or update your CocoaPods installation.\nEOM\n    exit 1\nfi\n";
			showEnvVarsInLog = 0;
		};
/* End PBXShellScriptBuildPhase section */

/* Begin PBXSourcesBuildPhase section */
		753990711C42648600C3BA4D /* Sources */ = {
			isa = PBXSourcesBuildPhase;
			buildActionMask = 2147483647;
			files = (
				7539907B1C42648600C3BA4D /* ViewController.swift in Sources */,
				753990C61C427D7000C3BA4D /* DataService.swift in Sources */,
				753990B31C4267E500C3BA4D /* MaterialDesignView.swift in Sources */,
				753990B81C426BDD00C3BA4D /* MaterialDesignButton.swift in Sources */,
				753990791C42648600C3BA4D /* AppDelegate.swift in Sources */,
				753990BA1C426EC800C3BA4D /* MaterialDesignTextField.swift in Sources */,
				753990B61C42683200C3BA4D /* Constants.swift in Sources */,
			);
			runOnlyForDeploymentPostprocessing = 0;
		};
/* End PBXSourcesBuildPhase section */

/* Begin PBXVariantGroup section */
		7539907C1C42648600C3BA4D /* Main.storyboard */ = {
			isa = PBXVariantGroup;
			children = (
				7539907D1C42648600C3BA4D /* Base */,
			);
			name = Main.storyboard;
			sourceTree = "<group>";
		};
		753990811C42648600C3BA4D /* LaunchScreen.storyboard */ = {
			isa = PBXVariantGroup;
			children = (
				753990821C42648600C3BA4D /* Base */,
			);
			name = LaunchScreen.storyboard;
			sourceTree = "<group>";
		};
/* End PBXVariantGroup section */

/* Begin XCBuildConfiguration section */
		753990851C42648600C3BA4D /* Debug */ = {
			isa = XCBuildConfiguration;
			buildSettings = {
				ALWAYS_SEARCH_USER_PATHS = NO;
				CLANG_CXX_LANGUAGE_STANDARD = "gnu++0x";
				CLANG_CXX_LIBRARY = "libc++";
				CLANG_ENABLE_MODULES = YES;
				CLANG_ENABLE_OBJC_ARC = YES;
				CLANG_WARN_BOOL_CONVERSION = YES;
				CLANG_WARN_CONSTANT_CONVERSION = YES;
				CLANG_WARN_DIRECT_OBJC_ISA_USAGE = YES_ERROR;
				CLANG_WARN_EMPTY_BODY = YES;
				CLANG_WARN_ENUM_CONVERSION = YES;
				CLANG_WARN_INT_CONVERSION = YES;
				CLANG_WARN_OBJC_ROOT_CLASS = YES_ERROR;
				CLANG_WARN_UNREACHABLE_CODE = YES;
				CLANG_WARN__DUPLICATE_METHOD_MATCH = YES;
				"CODE_SIGN_IDENTITY[sdk=iphoneos*]" = "iPhone Developer";
				COPY_PHASE_STRIP = NO;
				DEBUG_INFORMATION_FORMAT = dwarf;
				ENABLE_STRICT_OBJC_MSGSEND = YES;
				ENABLE_TESTABILITY = YES;
				GCC_C_LANGUAGE_STANDARD = gnu99;
				GCC_DYNAMIC_NO_PIC = NO;
				GCC_NO_COMMON_BLOCKS = YES;
				GCC_OPTIMIZATION_LEVEL = 0;
				GCC_PREPROCESSOR_DEFINITIONS = (
					"DEBUG=1",
					"$(inherited)",
				);
				GCC_WARN_64_TO_32_BIT_CONVERSION = YES;
				GCC_WARN_ABOUT_RETURN_TYPE = YES_ERROR;
				GCC_WARN_UNDECLARED_SELECTOR = YES;
				GCC_WARN_UNINITIALIZED_AUTOS = YES_AGGRESSIVE;
				GCC_WARN_UNUSED_FUNCTION = YES;
				GCC_WARN_UNUSED_VARIABLE = YES;
				IPHONEOS_DEPLOYMENT_TARGET = 9.2;
				MTL_ENABLE_DEBUG_INFO = YES;
				ONLY_ACTIVE_ARCH = YES;
				SDKROOT = iphoneos;
				SWIFT_OPTIMIZATION_LEVEL = "-Onone";
			};
			name = Debug;
		};
		753990861C42648600C3BA4D /* Release */ = {
			isa = XCBuildConfiguration;
			buildSettings = {
				ALWAYS_SEARCH_USER_PATHS = NO;
				CLANG_CXX_LANGUAGE_STANDARD = "gnu++0x";
				CLANG_CXX_LIBRARY = "libc++";
				CLANG_ENABLE_MODULES = YES;
				CLANG_ENABLE_OBJC_ARC = YES;
				CLANG_WARN_BOOL_CONVERSION = YES;
				CLANG_WARN_CONSTANT_CONVERSION = YES;
				CLANG_WARN_DIRECT_OBJC_ISA_USAGE = YES_ERROR;
				CLANG_WARN_EMPTY_BODY = YES;
				CLANG_WARN_ENUM_CONVERSION = YES;
				CLANG_WARN_INT_CONVERSION = YES;
				CLANG_WARN_OBJC_ROOT_CLASS = YES_ERROR;
				CLANG_WARN_UNREACHABLE_CODE = YES;
				CLANG_WARN__DUPLICATE_METHOD_MATCH = YES;
				"CODE_SIGN_IDENTITY[sdk=iphoneos*]" = "iPhone Developer";
				COPY_PHASE_STRIP = NO;
				DEBUG_INFORMATION_FORMAT = "dwarf-with-dsym";
				ENABLE_NS_ASSERTIONS = NO;
				ENABLE_STRICT_OBJC_MSGSEND = YES;
				GCC_C_LANGUAGE_STANDARD = gnu99;
				GCC_NO_COMMON_BLOCKS = YES;
				GCC_WARN_64_TO_32_BIT_CONVERSION = YES;
				GCC_WARN_ABOUT_RETURN_TYPE = YES_ERROR;
				GCC_WARN_UNDECLARED_SELECTOR = YES;
				GCC_WARN_UNINITIALIZED_AUTOS = YES_AGGRESSIVE;
				GCC_WARN_UNUSED_FUNCTION = YES;
				GCC_WARN_UNUSED_VARIABLE = YES;
				IPHONEOS_DEPLOYMENT_TARGET = 9.2;
				MTL_ENABLE_DEBUG_INFO = NO;
				SDKROOT = iphoneos;
				VALIDATE_PRODUCT = YES;
			};
			name = Release;
		};
		753990881C42648600C3BA4D /* Debug */ = {
			isa = XCBuildConfiguration;
			baseConfigurationReference = ED6E13294985F0AFDA55572E /* Pods-Social-With-Me.debug.xcconfig */;
			buildSettings = {
				ASSETCATALOG_COMPILER_APPICON_NAME = AppIcon;
				ENABLE_BITCODE = NO;
				FRAMEWORK_SEARCH_PATHS = (
					"$(inherited)",
					"$(PROJECT_DIR)/Social-With-Me",
					"$(PROJECT_DIR)/Pods/Firebase",
					"$(PROJECT_DIR)/build/Debug-iphoneos",
				);
				INFOPLIST_FILE = "Social-With-Me/Info.plist";
				LD_RUNPATH_SEARCH_PATHS = "$(inherited) @executable_path/Frameworks";
				PRODUCT_BUNDLE_IDENTIFIER = "vchau.Social-With-Me";
				PRODUCT_NAME = "$(TARGET_NAME)";
			};
			name = Debug;
		};
		753990891C42648600C3BA4D /* Release */ = {
			isa = XCBuildConfiguration;
			baseConfigurationReference = 169937B1EDD515E0B738622C /* Pods-Social-With-Me.release.xcconfig */;
			buildSettings = {
				ASSETCATALOG_COMPILER_APPICON_NAME = AppIcon;
				ENABLE_BITCODE = NO;
				FRAMEWORK_SEARCH_PATHS = (
					"$(inherited)",
					"$(PROJECT_DIR)/Social-With-Me",
					"$(PROJECT_DIR)/Pods/Firebase",
					"$(PROJECT_DIR)/build/Debug-iphoneos",
				);
				INFOPLIST_FILE = "Social-With-Me/Info.plist";
				LD_RUNPATH_SEARCH_PATHS = "$(inherited) @executable_path/Frameworks";
				PRODUCT_BUNDLE_IDENTIFIER = "vchau.Social-With-Me";
				PRODUCT_NAME = "$(TARGET_NAME)";
			};
			name = Release;
		};
/* End XCBuildConfiguration section */

/* Begin XCConfigurationList section */
		753990701C42648600C3BA4D /* Build configuration list for PBXProject "Social-With-Me" */ = {
			isa = XCConfigurationList;
			buildConfigurations = (
				753990851C42648600C3BA4D /* Debug */,
				753990861C42648600C3BA4D /* Release */,
			);
			defaultConfigurationIsVisible = 0;
			defaultConfigurationName = Release;
		};
		753990871C42648600C3BA4D /* Build configuration list for PBXNativeTarget "Social-With-Me" */ = {
			isa = XCConfigurationList;
			buildConfigurations = (
				753990881C42648600C3BA4D /* Debug */,
				753990891C42648600C3BA4D /* Release */,
			);
			defaultConfigurationIsVisible = 0;
			defaultConfigurationName = Release;
		};
/* End XCConfigurationList section */
	};
	rootObject = 7539906D1C42648600C3BA4D /* Project object */;
}
